// !$*UTF8*$!
{
	archiveVersion = 1;
	classes = {
	};
	objectVersion = 56;
	objects = {

/* Begin PBXBuildFile section */
		E65A9B08296B4988007A4061 /* AppDelegate.swift in Sources */ = {isa = PBXBuildFile; fileRef = E65A9B07296B4988007A4061 /* AppDelegate.swift */; };
		E65A9B0A296B4988007A4061 /* SceneDelegate.swift in Sources */ = {isa = PBXBuildFile; fileRef = E65A9B09296B4988007A4061 /* SceneDelegate.swift */; };
		E65A9B0C296B4988007A4061 /* ViewController.swift in Sources */ = {isa = PBXBuildFile; fileRef = E65A9B0B296B4988007A4061 /* ViewController.swift */; };
		E65A9B0F296B4988007A4061 /* Main.storyboard in Resources */ = {isa = PBXBuildFile; fileRef = E65A9B0D296B4988007A4061 /* Main.storyboard */; };
		E65A9B11296B498B007A4061 /* Assets.xcassets in Resources */ = {isa = PBXBuildFile; fileRef = E65A9B10296B498B007A4061 /* Assets.xcassets */; };
		E65A9B14296B498B007A4061 /* LaunchScreen.storyboard in Resources */ = {isa = PBXBuildFile; fileRef = E65A9B12296B498B007A4061 /* LaunchScreen.storyboard */; };
		E65A9B1C296B4A1A007A4061 /* DataModel.swift in Sources */ = {isa = PBXBuildFile; fileRef = E65A9B1B296B4A1A007A4061 /* DataModel.swift */; };
		E65A9B24296B4C27007A4061 /* DataModelTests.swift in Sources */ = {isa = PBXBuildFile; fileRef = E65A9B23296B4C27007A4061 /* DataModelTests.swift */; };
		E65A9B2E296B5A36007A4061 /* PersonTests.swift in Sources */ = {isa = PBXBuildFile; fileRef = E65A9B2D296B5A36007A4061 /* PersonTests.swift */; };
		E65A9B30296B5AC4007A4061 /* Person.swift in Sources */ = {isa = PBXBuildFile; fileRef = E65A9B2F296B5AC4007A4061 /* Person.swift */; };
/* End PBXBuildFile section */

/* Begin PBXContainerItemProxy section */
		E65A9B25296B4C27007A4061 /* PBXContainerItemProxy */ = {
			isa = PBXContainerItemProxy;
			containerPortal = E65A9AFC296B4988007A4061 /* Project object */;
			proxyType = 1;
			remoteGlobalIDString = E65A9B03296B4988007A4061;
			remoteInfo = UnitTestingApp;
		};
/* End PBXContainerItemProxy section */

/* Begin PBXFileReference section */
		E65A9B04296B4988007A4061 /* UnitTestingApp.app */ = {isa = PBXFileReference; explicitFileType = wrapper.application; includeInIndex = 0; path = UnitTestingApp.app; sourceTree = BUILT_PRODUCTS_DIR; };
		E65A9B07296B4988007A4061 /* AppDelegate.swift */ = {isa = PBXFileReference; lastKnownFileType = sourcecode.swift; path = AppDelegate.swift; sourceTree = "<group>"; };
		E65A9B09296B4988007A4061 /* SceneDelegate.swift */ = {isa = PBXFileReference; lastKnownFileType = sourcecode.swift; path = SceneDelegate.swift; sourceTree = "<group>"; };
		E65A9B0B296B4988007A4061 /* ViewController.swift */ = {isa = PBXFileReference; lastKnownFileType = sourcecode.swift; path = ViewController.swift; sourceTree = "<group>"; };
		E65A9B0E296B4988007A4061 /* Base */ = {isa = PBXFileReference; lastKnownFileType = file.storyboard; name = Base; path = Base.lproj/Main.storyboard; sourceTree = "<group>"; };
		E65A9B10296B498B007A4061 /* Assets.xcassets */ = {isa = PBXFileReference; lastKnownFileType = folder.assetcatalog; path = Assets.xcassets; sourceTree = "<group>"; };
		E65A9B13296B498B007A4061 /* Base */ = {isa = PBXFileReference; lastKnownFileType = file.storyboard; name = Base; path = Base.lproj/LaunchScreen.storyboard; sourceTree = "<group>"; };
		E65A9B15296B498B007A4061 /* Info.plist */ = {isa = PBXFileReference; lastKnownFileType = text.plist.xml; path = Info.plist; sourceTree = "<group>"; };
		E65A9B1B296B4A1A007A4061 /* DataModel.swift */ = {isa = PBXFileReference; lastKnownFileType = sourcecode.swift; path = DataModel.swift; sourceTree = "<group>"; };
		E65A9B21296B4C27007A4061 /* UnitTestingAppTests.xctest */ = {isa = PBXFileReference; explicitFileType = wrapper.cfbundle; includeInIndex = 0; path = UnitTestingAppTests.xctest; sourceTree = BUILT_PRODUCTS_DIR; };
		E65A9B23296B4C27007A4061 /* DataModelTests.swift */ = {isa = PBXFileReference; lastKnownFileType = sourcecode.swift; path = DataModelTests.swift; sourceTree = "<group>"; };
		E65A9B2D296B5A36007A4061 /* PersonTests.swift */ = {isa = PBXFileReference; lastKnownFileType = sourcecode.swift; path = PersonTests.swift; sourceTree = "<group>"; };
		E65A9B2F296B5AC4007A4061 /* Person.swift */ = {isa = PBXFileReference; lastKnownFileType = sourcecode.swift; path = Person.swift; sourceTree = "<group>"; };
/* End PBXFileReference section */

/* Begin PBXFrameworksBuildPhase section */
		E65A9B01296B4988007A4061 /* Frameworks */ = {
			isa = PBXFrameworksBuildPhase;
			buildActionMask = 2147483647;
			files = (
			);
			runOnlyForDeploymentPostprocessing = 0;
		};
		E65A9B1E296B4C27007A4061 /* Frameworks */ = {
			isa = PBXFrameworksBuildPhase;
			buildActionMask = 2147483647;
			files = (
			);
			runOnlyForDeploymentPostprocessing = 0;
		};
/* End PBXFrameworksBuildPhase section */

/* Begin PBXGroup section */
		E65A9AFB296B4988007A4061 = {
			isa = PBXGroup;
			children = (
				E65A9B06296B4988007A4061 /* UnitTestingApp */,
				E65A9B22296B4C27007A4061 /* UnitTestingAppTests */,
				E65A9B05296B4988007A4061 /* Products */,
			);
			sourceTree = "<group>";
		};
		E65A9B05296B4988007A4061 /* Products */ = {
			isa = PBXGroup;
			children = (
				E65A9B04296B4988007A4061 /* UnitTestingApp.app */,
				E65A9B21296B4C27007A4061 /* UnitTestingAppTests.xctest */,
			);
			name = Products;
			sourceTree = "<group>";
		};
		E65A9B06296B4988007A4061 /* UnitTestingApp */ = {
			isa = PBXGroup;
			children = (
				E65A9B07296B4988007A4061 /* AppDelegate.swift */,
				E65A9B09296B4988007A4061 /* SceneDelegate.swift */,
				E65A9B0B296B4988007A4061 /* ViewController.swift */,
				E65A9B1B296B4A1A007A4061 /* DataModel.swift */,
				E65A9B0D296B4988007A4061 /* Main.storyboard */,
				E65A9B10296B498B007A4061 /* Assets.xcassets */,
				E65A9B12296B498B007A4061 /* LaunchScreen.storyboard */,
				E65A9B15296B498B007A4061 /* Info.plist */,
				E65A9B2F296B5AC4007A4061 /* Person.swift */,
			);
			path = UnitTestingApp;
			sourceTree = "<group>";
		};
		E65A9B22296B4C27007A4061 /* UnitTestingAppTests */ = {
			isa = PBXGroup;
			children = (
				E65A9B23296B4C27007A4061 /* DataModelTests.swift */,
				E65A9B2D296B5A36007A4061 /* PersonTests.swift */,
			);
			path = UnitTestingAppTests;
			sourceTree = "<group>";
		};
/* End PBXGroup section */

/* Begin PBXNativeTarget section */
		E65A9B03296B4988007A4061 /* UnitTestingApp */ = {
			isa = PBXNativeTarget;
			buildConfigurationList = E65A9B18296B498B007A4061 /* Build configuration list for PBXNativeTarget "UnitTestingApp" */;
			buildPhases = (
				E65A9B00296B4988007A4061 /* Sources */,
				E65A9B01296B4988007A4061 /* Frameworks */,
				E65A9B02296B4988007A4061 /* Resources */,
			);
			buildRules = (
			);
			dependencies = (
			);
			name = UnitTestingApp;
			productName = UnitTestingApp;
			productReference = E65A9B04296B4988007A4061 /* UnitTestingApp.app */;
			productType = "com.apple.product-type.application";
		};
		E65A9B20296B4C27007A4061 /* UnitTestingAppTests */ = {
			isa = PBXNativeTarget;
			buildConfigurationList = E65A9B27296B4C27007A4061 /* Build configuration list for PBXNativeTarget "UnitTestingAppTests" */;
			buildPhases = (
				E65A9B1D296B4C27007A4061 /* Sources */,
				E65A9B1E296B4C27007A4061 /* Frameworks */,
				E65A9B1F296B4C27007A4061 /* Resources */,
			);
			buildRules = (
			);
			dependencies = (
				E65A9B26296B4C27007A4061 /* PBXTargetDependency */,
			);
			name = UnitTestingAppTests;
			productName = UnitTestingAppTests;
			productReference = E65A9B21296B4C27007A4061 /* UnitTestingAppTests.xctest */;
			productType = "com.apple.product-type.bundle.unit-test";
		};
/* End PBXNativeTarget section */

/* Begin PBXProject section */
		E65A9AFC296B4988007A4061 /* Project object */ = {
			isa = PBXProject;
			attributes = {
				BuildIndependentTargetsInParallel = 1;
				LastSwiftUpdateCheck = 1410;
				LastUpgradeCheck = 1410;
				TargetAttributes = {
					E65A9B03296B4988007A4061 = {
						CreatedOnToolsVersion = 14.1;
					};
					E65A9B20296B4C27007A4061 = {
						CreatedOnToolsVersion = 14.1;
						TestTargetID = E65A9B03296B4988007A4061;
					};
				};
			};
			buildConfigurationList = E65A9AFF296B4988007A4061 /* Build configuration list for PBXProject "UnitTestingApp" */;
			compatibilityVersion = "Xcode 14.0";
			developmentRegion = en;
			hasScannedForEncodings = 0;
			knownRegions = (
				en,
				Base,
			);
			mainGroup = E65A9AFB296B4988007A4061;
			productRefGroup = E65A9B05296B4988007A4061 /* Products */;
			projectDirPath = "";
			projectRoot = "";
			targets = (
				E65A9B03296B4988007A4061 /* UnitTestingApp */,
				E65A9B20296B4C27007A4061 /* UnitTestingAppTests */,
			);
		};
/* End PBXProject section */

/* Begin PBXResourcesBuildPhase section */
		E65A9B02296B4988007A4061 /* Resources */ = {
			isa = PBXResourcesBuildPhase;
			buildActionMask = 2147483647;
			files = (
				E65A9B14296B498B007A4061 /* LaunchScreen.storyboard in Resources */,
				E65A9B11296B498B007A4061 /* Assets.xcassets in Resources */,
				E65A9B0F296B4988007A4061 /* Main.storyboard in Resources */,
			);
			runOnlyForDeploymentPostprocessing = 0;
		};
		E65A9B1F296B4C27007A4061 /* Resources */ = {
			isa = PBXResourcesBuildPhase;
			buildActionMask = 2147483647;
			files = (
			);
			runOnlyForDeploymentPostprocessing = 0;
		};
/* End PBXResourcesBuildPhase section */

/* Begin PBXSourcesBuildPhase section */
		E65A9B00296B4988007A4061 /* Sources */ = {
			isa = PBXSourcesBuildPhase;
			buildActionMask = 2147483647;
			files = (
				E65A9B30296B5AC4007A4061 /* Person.swift in Sources */,
				E65A9B0C296B4988007A4061 /* ViewController.swift in Sources */,
				E65A9B1C296B4A1A007A4061 /* DataModel.swift in Sources */,
				E65A9B08296B4988007A4061 /* AppDelegate.swift in Sources */,
				E65A9B0A296B4988007A4061 /* SceneDelegate.swift in Sources */,
			);
			runOnlyForDeploymentPostprocessing = 0;
		};
		E65A9B1D296B4C27007A4061 /* Sources */ = {
			isa = PBXSourcesBuildPhase;
			buildActionMask = 2147483647;
			files = (
				E65A9B2E296B5A36007A4061 /* PersonTests.swift in Sources */,
				E65A9B24296B4C27007A4061 /* DataModelTests.swift in Sources */,
			);
			runOnlyForDeploymentPostprocessing = 0;
		};
/* End PBXSourcesBuildPhase section */

/* Begin PBXTargetDependency section */
		E65A9B26296B4C27007A4061 /* PBXTargetDependency */ = {
			isa = PBXTargetDependency;
			target = E65A9B03296B4988007A4061 /* UnitTestingApp */;
			targetProxy = E65A9B25296B4C27007A4061 /* PBXContainerItemProxy */;
		};
/* End PBXTargetDependency section */

/* Begin PBXVariantGroup section */
		E65A9B0D296B4988007A4061 /* Main.storyboard */ = {
			isa = PBXVariantGroup;
			children = (
				E65A9B0E296B4988007A4061 /* Base */,
			);
			name = Main.storyboard;
			sourceTree = "<group>";
		};
		E65A9B12296B498B007A4061 /* LaunchScreen.storyboard */ = {
			isa = PBXVariantGroup;
			children = (
				E65A9B13296B498B007A4061 /* Base */,
			);
			name = LaunchScreen.storyboard;
			sourceTree = "<group>";
		};
/* End PBXVariantGroup section */

/* Begin XCBuildConfiguration section */
		E65A9B16296B498B007A4061 /* Debug */ = {
			isa = XCBuildConfiguration;
			buildSettings = {
				ALWAYS_SEARCH_USER_PATHS = NO;
				CLANG_ANALYZER_NONNULL = YES;
				CLANG_ANALYZER_NUMBER_OBJECT_CONVERSION = YES_AGGRESSIVE;
				CLANG_CXX_LANGUAGE_STANDARD = "gnu++20";
				CLANG_ENABLE_MODULES = YES;
				CLANG_ENABLE_OBJC_ARC = YES;
				CLANG_ENABLE_OBJC_WEAK = YES;
				CLANG_WARN_BLOCK_CAPTURE_AUTORELEASING = YES;
				CLANG_WARN_BOOL_CONVERSION = YES;
				CLANG_WARN_COMMA = YES;
				CLANG_WARN_CONSTANT_CONVERSION = YES;
				CLANG_WARN_DEPRECATED_OBJC_IMPLEMENTATIONS = YES;
				CLANG_WARN_DIRECT_OBJC_ISA_USAGE = YES_ERROR;
				CLANG_WARN_DOCUMENTATION_COMMENTS = YES;
				CLANG_WARN_EMPTY_BODY = YES;
				CLANG_WARN_ENUM_CONVERSION = YES;
				CLANG_WARN_INFINITE_RECURSION = YES;
				CLANG_WARN_INT_CONVERSION = YES;
				CLANG_WARN_NON_LITERAL_NULL_CONVERSION = YES;
				CLANG_WARN_OBJC_IMPLICIT_RETAIN_SELF = YES;
				CLANG_WARN_OBJC_LITERAL_CONVERSION = YES;
				CLANG_WARN_OBJC_ROOT_CLASS = YES_ERROR;
				CLANG_WARN_QUOTED_INCLUDE_IN_FRAMEWORK_HEADER = YES;
				CLANG_WARN_RANGE_LOOP_ANALYSIS = YES;
				CLANG_WARN_STRICT_PROTOTYPES = YES;
				CLANG_WARN_SUSPICIOUS_MOVE = YES;
				CLANG_WARN_UNGUARDED_AVAILABILITY = YES_AGGRESSIVE;
				CLANG_WARN_UNREACHABLE_CODE = YES;
				CLANG_WARN__DUPLICATE_METHOD_MATCH = YES;
				COPY_PHASE_STRIP = NO;
				DEBUG_INFORMATION_FORMAT = dwarf;
				ENABLE_STRICT_OBJC_MSGSEND = YES;
				ENABLE_TESTABILITY = YES;
				GCC_C_LANGUAGE_STANDARD = gnu11;
				GCC_DYNAMIC_NO_PIC = NO;
				GCC_NO_COMMON_BLOCKS = YES;
				GCC_OPTIMIZATION_LEVEL = 0;
				GCC_PREPROCESSOR_DEFINITIONS = (
					"DEBUG=1",
					"$(inherited)",
				);
				GCC_WARN_64_TO_32_BIT_CONVERSION = YES;
				GCC_WARN_ABOUT_RETURN_TYPE = YES_ERROR;
				GCC_WARN_UNDECLARED_SELECTOR = YES;
				GCC_WARN_UNINITIALIZED_AUTOS = YES_AGGRESSIVE;
				GCC_WARN_UNUSED_FUNCTION = YES;
				GCC_WARN_UNUSED_VARIABLE = YES;
				IPHONEOS_DEPLOYMENT_TARGET = 16.1;
				MTL_ENABLE_DEBUG_INFO = INCLUDE_SOURCE;
				MTL_FAST_MATH = YES;
				ONLY_ACTIVE_ARCH = YES;
				SDKROOT = iphoneos;
				SWIFT_ACTIVE_COMPILATION_CONDITIONS = DEBUG;
				SWIFT_OPTIMIZATION_LEVEL = "-Onone";
			};
			name = Debug;
		};
		E65A9B17296B498B007A4061 /* Release */ = {
			isa = XCBuildConfiguration;
			buildSettings = {
				ALWAYS_SEARCH_USER_PATHS = NO;
				CLANG_ANALYZER_NONNULL = YES;
				CLANG_ANALYZER_NUMBER_OBJECT_CONVERSION = YES_AGGRESSIVE;
				CLANG_CXX_LANGUAGE_STANDARD = "gnu++20";
				CLANG_ENABLE_MODULES = YES;
				CLANG_ENABLE_OBJC_ARC = YES;
				CLANG_ENABLE_OBJC_WEAK = YES;
				CLANG_WARN_BLOCK_CAPTURE_AUTORELEASING = YES;
				CLANG_WARN_BOOL_CONVERSION = YES;
				CLANG_WARN_COMMA = YES;
				CLANG_WARN_CONSTANT_CONVERSION = YES;
				CLANG_WARN_DEPRECATED_OBJC_IMPLEMENTATIONS = YES;
				CLANG_WARN_DIRECT_OBJC_ISA_USAGE = YES_ERROR;
				CLANG_WARN_DOCUMENTATION_COMMENTS = YES;
				CLANG_WARN_EMPTY_BODY = YES;
				CLANG_WARN_ENUM_CONVERSION = YES;
				CLANG_WARN_INFINITE_RECURSION = YES;
				CLANG_WARN_INT_CONVERSION = YES;
				CLANG_WARN_NON_LITERAL_NULL_CONVERSION = YES;
				CLANG_WARN_OBJC_IMPLICIT_RETAIN_SELF = YES;
				CLANG_WARN_OBJC_LITERAL_CONVERSION = YES;
				CLANG_WARN_OBJC_ROOT_CLASS = YES_ERROR;
				CLANG_WARN_QUOTED_INCLUDE_IN_FRAMEWORK_HEADER = YES;
				CLANG_WARN_RANGE_LOOP_ANALYSIS = YES;
				CLANG_WARN_STRICT_PROTOTYPES = YES;
				CLANG_WARN_SUSPICIOUS_MOVE = YES;
				CLANG_WARN_UNGUARDED_AVAILABILITY = YES_AGGRESSIVE;
				CLANG_WARN_UNREACHABLE_CODE = YES;
				CLANG_WARN__DUPLICATE_METHOD_MATCH = YES;
				COPY_PHASE_STRIP = NO;
				DEBUG_INFORMATION_FORMAT = "dwarf-with-dsym";
				ENABLE_NS_ASSERTIONS = NO;
				ENABLE_STRICT_OBJC_MSGSEND = YES;
				GCC_C_LANGUAGE_STANDARD = gnu11;
				GCC_NO_COMMON_BLOCKS = YES;
				GCC_WARN_64_TO_32_BIT_CONVERSION = YES;
				GCC_WARN_ABOUT_RETURN_TYPE = YES_ERROR;
				GCC_WARN_UNDECLARED_SELECTOR = YES;
				GCC_WARN_UNINITIALIZED_AUTOS = YES_AGGRESSIVE;
				GCC_WARN_UNUSED_FUNCTION = YES;
				GCC_WARN_UNUSED_VARIABLE = YES;
				IPHONEOS_DEPLOYMENT_TARGET = 16.1;
				MTL_ENABLE_DEBUG_INFO = NO;
				MTL_FAST_MATH = YES;
				SDKROOT = iphoneos;
				SWIFT_COMPILATION_MODE = wholemodule;
				SWIFT_OPTIMIZATION_LEVEL = "-O";
				VALIDATE_PRODUCT = YES;
			};
			name = Release;
		};
		E65A9B19296B498B007A4061 /* Debug */ = {
			isa = XCBuildConfiguration;
			buildSettings = {
				ASSETCATALOG_COMPILER_APPICON_NAME = AppIcon;
				ASSETCATALOG_COMPILER_GLOBAL_ACCENT_COLOR_NAME = AccentColor;
				CODE_SIGN_STYLE = Automatic;
				CURRENT_PROJECT_VERSION = 1;
				DEVELOPMENT_TEAM = 53S4PPJ97L;
				GENERATE_INFOPLIST_FILE = YES;
				INFOPLIST_FILE = UnitTestingApp/Info.plist;
				INFOPLIST_KEY_UIApplicationSupportsIndirectInputEvents = YES;
				INFOPLIST_KEY_UILaunchStoryboardName = LaunchScreen;
				INFOPLIST_KEY_UIMainStoryboardFile = Main;
				INFOPLIST_KEY_UISupportedInterfaceOrientations_iPad = "UIInterfaceOrientationPortrait UIInterfaceOrientationPortraitUpsideDown UIInterfaceOrientationLandscapeLeft UIInterfaceOrientationLandscapeRight";
				INFOPLIST_KEY_UISupportedInterfaceOrientations_iPhone = "UIInterfaceOrientationPortrait UIInterfaceOrientationLandscapeLeft UIInterfaceOrientationLandscapeRight";
				LD_RUNPATH_SEARCH_PATHS = (
					"$(inherited)",
					"@executable_path/Frameworks",
				);
				MARKETING_VERSION = 1.0;
				PRODUCT_BUNDLE_IDENTIFIER = malinatrash.UnitTestingApp;
				PRODUCT_NAME = "$(TARGET_NAME)";
				SWIFT_EMIT_LOC_STRINGS = YES;
				SWIFT_VERSION = 5.0;
				TARGETED_DEVICE_FAMILY = "1,2";
			};
			name = Debug;
		};
		E65A9B1A296B498B007A4061 /* Release */ = {
			isa = XCBuildConfiguration;
			buildSettings = {
				ASSETCATALOG_COMPILER_APPICON_NAME = AppIcon;
				ASSETCATALOG_COMPILER_GLOBAL_ACCENT_COLOR_NAME = AccentColor;
				CODE_SIGN_STYLE = Automatic;
				CURRENT_PROJECT_VERSION = 1;
				DEVELOPMENT_TEAM = 53S4PPJ97L;
				GENERATE_INFOPLIST_FILE = YES;
				INFOPLIST_FILE = UnitTestingApp/Info.plist;
				INFOPLIST_KEY_UIApplicationSupportsIndirectInputEvents = YES;
				INFOPLIST_KEY_UILaunchStoryboardName = LaunchScreen;
				INFOPLIST_KEY_UIMainStoryboardFile = Main;
				INFOPLIST_KEY_UISupportedInterfaceOrientations_iPad = "UIInterfaceOrientationPortrait UIInterfaceOrientationPortraitUpsideDown UIInterfaceOrientationLandscapeLeft UIInterfaceOrientationLandscapeRight";
				INFOPLIST_KEY_UISupportedInterfaceOrientations_iPhone = "UIInterfaceOrientationPortrait UIInterfaceOrientationLandscapeLeft UIInterfaceOrientationLandscapeRight";
				LD_RUNPATH_SEARCH_PATHS = (
					"$(inherited)",
					"@executable_path/Frameworks",
				);
				MARKETING_VERSION = 1.0;
				PRODUCT_BUNDLE_IDENTIFIER = malinatrash.UnitTestingApp;
				PRODUCT_NAME = "$(TARGET_NAME)";
				SWIFT_EMIT_LOC_STRINGS = YES;
				SWIFT_VERSION = 5.0;
				TARGETED_DEVICE_FAMILY = "1,2";
			};
			name = Release;
		};
		E65A9B28296B4C27007A4061 /* Debug */ = {
			isa = XCBuildConfiguration;
			buildSettings = {
				BUNDLE_LOADER = "$(TEST_HOST)";
				CODE_SIGN_STYLE = Automatic;
				CURRENT_PROJECT_VERSION = 1;
				DEVELOPMENT_TEAM = 53S4PPJ97L;
				GENERATE_INFOPLIST_FILE = YES;
				MARKETING_VERSION = 1.0;
				PRODUCT_BUNDLE_IDENTIFIER = malinatrash.UnitTestingAppTests;
				PRODUCT_NAME = "$(TARGET_NAME)";
				SWIFT_EMIT_LOC_STRINGS = NO;
				SWIFT_VERSION = 5.0;
				TARGETED_DEVICE_FAMILY = "1,2";
				TEST_HOST = "$(BUILT_PRODUCTS_DIR)/UnitTestingApp.app/$(BUNDLE_EXECUTABLE_FOLDER_PATH)/UnitTestingApp";
			};
			name = Debug;
		};
		E65A9B29296B4C27007A4061 /* Release */ = {
			isa = XCBuildConfiguration;
			buildSettings = {
				BUNDLE_LOADER = "$(TEST_HOST)";
				CODE_SIGN_STYLE = Automatic;
				CURRENT_PROJECT_VERSION = 1;
				DEVELOPMENT_TEAM = 53S4PPJ97L;
				GENERATE_INFOPLIST_FILE = YES;
				MARKETING_VERSION = 1.0;
				PRODUCT_BUNDLE_IDENTIFIER = malinatrash.UnitTestingAppTests;
				PRODUCT_NAME = "$(TARGET_NAME)";
				SWIFT_EMIT_LOC_STRINGS = NO;
				SWIFT_VERSION = 5.0;
				TARGETED_DEVICE_FAMILY = "1,2";
				TEST_HOST = "$(BUILT_PRODUCTS_DIR)/UnitTestingApp.app/$(BUNDLE_EXECUTABLE_FOLDER_PATH)/UnitTestingApp";
			};
			name = Release;
		};
/* End XCBuildConfiguration section */

/* Begin XCConfigurationList section */
		E65A9AFF296B4988007A4061 /* Build configuration list for PBXProject "UnitTestingApp" */ = {
			isa = XCConfigurationList;
			buildConfigurations = (
				E65A9B16296B498B007A4061 /* Debug */,
				E65A9B17296B498B007A4061 /* Release */,
			);
			defaultConfigurationIsVisible = 0;
			defaultConfigurationName = Release;
		};
		E65A9B18296B498B007A4061 /* Build configuration list for PBXNativeTarget "UnitTestingApp" */ = {
			isa = XCConfigurationList;
			buildConfigurations = (
				E65A9B19296B498B007A4061 /* Debug */,
				E65A9B1A296B498B007A4061 /* Release */,
			);
			defaultConfigurationIsVisible = 0;
			defaultConfigurationName = Release;
		};
		E65A9B27296B4C27007A4061 /* Build configuration list for PBXNativeTarget "UnitTestingAppTests" */ = {
			isa = XCConfigurationList;
			buildConfigurations = (
				E65A9B28296B4C27007A4061 /* Debug */,
				E65A9B29296B4C27007A4061 /* Release */,
			);
			defaultConfigurationIsVisible = 0;
			defaultConfigurationName = Release;
		};
/* End XCConfigurationList section */
	};
	rootObject = E65A9AFC296B4988007A4061 /* Project object */;
}
